
Microsoft Visual Studio Solution File, Format Version 12.00
# Visual Studio Version 16
VisualStudioVersion = 16.0.31624.102
MinimumVisualStudioVersion = 10.0.40219.1
Project("{8BC9CEB8-8B4A-11D0-8D11-00A0C91BC942}") = "searchtree02", "searchtree02.vcxproj", "{AFBC3783-4E8D-4188-B5A1-F741C9643C01}"
EndProject
Global
	GlobalSection(SolutionConfigurationPlatforms) = preSolution
		Debug|x64 = Debug|x64
		Debug|x86 = Debug|x86
		Release|x64 = Release|x64
		Release|x86 = Release|x86
	EndGlobalSection
	GlobalSection(ProjectConfigurationPlatforms) = postSolution
		{AFBC3783-4E8D-4188-B5A1-F741C9643C01}.Debug|x64.ActiveCfg = Debug|x64
		{AFBC3783-4E8D-4188-B5A1-F741C9643C01}.Debug|x64.Build.0 = Debug|x64
		{AFBC3783-4E8D-4188-B5A1-F741C9643C01}.Debug|x86.ActiveCfg = Debug|Win32
		{AFBC3783-4E8D-4188-B5A1-F741C9643C01}.Debug|x86.Build.0 = Debug|Win32
		{AFBC3783-4E8D-4188-B5A1-F741C9643C01}.Release|x64.ActiveCfg = Release|x64
		{AFBC3783-4E8D-4188-B5A1-F741C9643C01}.Release|x64.Build.0 = Release|x64
		{AFBC3783-4E8D-4188-B5A1-F741C9643C01}.Release|x86.ActiveCfg = Release|Win32
		{AFBC3783-4E8D-4188-B5A1-F741C9643C01}.Release|x86.Build.0 = Release|Win32
	EndGlobalSection
	GlobalSection(SolutionProperties) = preSolution
		HideSolutionNode = FALSE
	EndGlobalSection
	GlobalSection(ExtensibilityGlobals) = postSolution
		SolutionGuid = {0A5CCA01-2FBB-49A2-ABD1-A2D0D0EBC175}
	EndGlobalSection
EndGlobal
